
Microsoft Visual Studio Solution File, Format Version 12.00
# Visual Studio 15
VisualStudioVersion = 15.0.27004.2009
MinimumVisualStudioVersion = 10.0.40219.1
Project("{8BC9CEB8-8B4A-11D0-8D11-00A0C91BC942}") = "ObjectExtenderPlugIn", "ObjectExtenderPlugIn\ObjectExtenderPlugIn.vcxproj", "{B6C77057-C55D-45DC-BD8E-67089D7E90A8}"
EndProject
Global
	GlobalSection(SolutionConfigurationPlatforms) = preSolution
		Debug|x64 = Debug|x64
		Debug|x86 = Debug|x86
		Release|x64 = Release|x64
		Release|x86 = Release|x86
	EndGlobalSection
	GlobalSection(ProjectConfigurationPlatforms) = postSolution
		{B6C77057-C55D-45DC-BD8E-67089D7E90A8}.Debug|x64.ActiveCfg = Debug|x64
		{B6C77057-C55D-45DC-BD8E-67089D7E90A8}.Debug|x64.Build.0 = Debug|x64
		{B6C77057-C55D-45DC-BD8E-67089D7E90A8}.Debug|x86.ActiveCfg = Debug|Win32
		{B6C77057-C55D-45DC-BD8E-67089D7E90A8}.Debug|x86.Build.0 = Debug|Win32
		{B6C77057-C55D-45DC-BD8E-67089D7E90A8}.Release|x64.ActiveCfg = Release|x64
		{B6C77057-C55D-45DC-BD8E-67089D7E90A8}.Release|x64.Build.0 = Release|x64
		{B6C77057-C55D-45DC-BD8E-67089D7E90A8}.Release|x86.ActiveCfg = Release|Win32
		{B6C77057-C55D-45DC-BD8E-67089D7E90A8}.Release|x86.Build.0 = Release|Win32
	EndGlobalSection
	GlobalSection(SolutionProperties) = preSolution
		HideSolutionNode = FALSE
	EndGlobalSection
	GlobalSection(ExtensibilityGlobals) = postSolution
		SolutionGuid = {2E9A92E0-B0E1-4083-AF78-702D5D63759F}
	EndGlobalSection
EndGlobal
